
Microsoft Visual Studio Solution File, Format Version 12.00
# Visual Studio 2012
Project("{FAE04EC0-301F-11D3-BF4B-00C04F79EFBC}") = "Zombles", "Zombles\Zombles.csproj", "{4DDB57AE-D369-489D-B354-15B93902585D}"
EndProject
Project("{FAE04EC0-301F-11D3-BF4B-00C04F79EFBC}") = "Scripts", "Scripts\Scripts.csproj", "{A3C5EDC6-03C6-42E6-945E-3CEC0F3DAFA7}"
EndProject
Project("{FAE04EC0-301F-11D3-BF4B-00C04F79EFBC}") = "ResourceLibrary", "ResourceLibrary\ResourceLibrary.csproj", "{23056AEF-0A9A-478A-8581-3C4B452FD940}"
EndProject
Project("{FAE04EC0-301F-11D3-BF4B-00C04F79EFBC}") = "ArchiveTool", "ResourceLibrary\ArchiveTool.csproj", "{3EFB7F8D-3D1E-4363-A552-E7900866B86E}"
EndProject
Project("{FAE04EC0-301F-11D3-BF4B-00C04F79EFBC}") = "CommandLine", "ResourceLibrary\CommandLine\CommandLine.csproj", "{4E5B3B64-B541-4D36-99C2-FF791206F46F}"
EndProject
Project("{FAE04EC0-301F-11D3-BF4B-00C04F79EFBC}") = "UnitTests", "ResourceLibrary\UnitTests.csproj", "{FE0B5378-A9F3-4FF9-9ABE-BC20981DFAE9}"
EndProject
Global
	GlobalSection(SolutionConfigurationPlatforms) = preSolution
		Debug|Any CPU = Debug|Any CPU
		Debug|Mixed Platforms = Debug|Mixed Platforms
		Debug|x86 = Debug|x86
		Release|Any CPU = Release|Any CPU
		Release|Mixed Platforms = Release|Mixed Platforms
		Release|x86 = Release|x86
	EndGlobalSection
	GlobalSection(ProjectConfigurationPlatforms) = postSolution
		{4DDB57AE-D369-489D-B354-15B93902585D}.Debug|Any CPU.ActiveCfg = Debug|x86
		{4DDB57AE-D369-489D-B354-15B93902585D}.Debug|Any CPU.Build.0 = Debug|x86
		{4DDB57AE-D369-489D-B354-15B93902585D}.Debug|Mixed Platforms.ActiveCfg = Debug|x86
		{4DDB57AE-D369-489D-B354-15B93902585D}.Debug|Mixed Platforms.Build.0 = Debug|x86
		{4DDB57AE-D369-489D-B354-15B93902585D}.Debug|x86.ActiveCfg = Debug|x86
		{4DDB57AE-D369-489D-B354-15B93902585D}.Debug|x86.Build.0 = Debug|x86
		{4DDB57AE-D369-489D-B354-15B93902585D}.Release|Any CPU.ActiveCfg = Release|x86
		{4DDB57AE-D369-489D-B354-15B93902585D}.Release|Mixed Platforms.ActiveCfg = Release|x86
		{4DDB57AE-D369-489D-B354-15B93902585D}.Release|Mixed Platforms.Build.0 = Release|x86
		{4DDB57AE-D369-489D-B354-15B93902585D}.Release|x86.ActiveCfg = Release|x86
		{4DDB57AE-D369-489D-B354-15B93902585D}.Release|x86.Build.0 = Release|x86
		{A3C5EDC6-03C6-42E6-945E-3CEC0F3DAFA7}.Debug|Any CPU.ActiveCfg = Debug|Any CPU
		{A3C5EDC6-03C6-42E6-945E-3CEC0F3DAFA7}.Debug|Any CPU.Build.0 = Debug|Any CPU
		{A3C5EDC6-03C6-42E6-945E-3CEC0F3DAFA7}.Debug|Mixed Platforms.ActiveCfg = Debug|Any CPU
		{A3C5EDC6-03C6-42E6-945E-3CEC0F3DAFA7}.Debug|Mixed Platforms.Build.0 = Debug|Any CPU
		{A3C5EDC6-03C6-42E6-945E-3CEC0F3DAFA7}.Debug|x86.ActiveCfg = Debug|Any CPU
		{A3C5EDC6-03C6-42E6-945E-3CEC0F3DAFA7}.Release|Any CPU.ActiveCfg = Release|Any CPU
		{A3C5EDC6-03C6-42E6-945E-3CEC0F3DAFA7}.Release|Any CPU.Build.0 = Release|Any CPU
		{A3C5EDC6-03C6-42E6-945E-3CEC0F3DAFA7}.Release|Mixed Platforms.ActiveCfg = Release|Any CPU
		{A3C5EDC6-03C6-42E6-945E-3CEC0F3DAFA7}.Release|Mixed Platforms.Build.0 = Release|Any CPU
		{A3C5EDC6-03C6-42E6-945E-3CEC0F3DAFA7}.Release|x86.ActiveCfg = Release|Any CPU
		{23056AEF-0A9A-478A-8581-3C4B452FD940}.Debug|Any CPU.ActiveCfg = Debug|Any CPU
		{23056AEF-0A9A-478A-8581-3C4B452FD940}.Debug|Any CPU.Build.0 = Debug|Any CPU
		{23056AEF-0A9A-478A-8581-3C4B452FD940}.Debug|Mixed Platforms.ActiveCfg = Debug|Any CPU
		{23056AEF-0A9A-478A-8581-3C4B452FD940}.Debug|Mixed Platforms.Build.0 = Debug|Any CPU
		{23056AEF-0A9A-478A-8581-3C4B452FD940}.Debug|x86.ActiveCfg = Debug|Any CPU
		{23056AEF-0A9A-478A-8581-3C4B452FD940}.Release|Any CPU.ActiveCfg = Release|Any CPU
		{23056AEF-0A9A-478A-8581-3C4B452FD940}.Release|Any CPU.Build.0 = Release|Any CPU
		{23056AEF-0A9A-478A-8581-3C4B452FD940}.Release|Mixed Platforms.ActiveCfg = Release|Any CPU
		{23056AEF-0A9A-478A-8581-3C4B452FD940}.Release|Mixed Platforms.Build.0 = Release|Any CPU
		{23056AEF-0A9A-478A-8581-3C4B452FD940}.Release|x86.ActiveCfg = Release|Any CPU
		{3EFB7F8D-3D1E-4363-A552-E7900866B86E}.Debug|Any CPU.ActiveCfg = Debug|Any CPU
		{3EFB7F8D-3D1E-4363-A552-E7900866B86E}.Debug|Any CPU.Build.0 = Debug|Any CPU
		{3EFB7F8D-3D1E-4363-A552-E7900866B86E}.Debug|Mixed Platforms.ActiveCfg = Debug|Any CPU
		{3EFB7F8D-3D1E-4363-A552-E7900866B86E}.Debug|Mixed Platforms.Build.0 = Debug|Any CPU
		{3EFB7F8D-3D1E-4363-A552-E7900866B86E}.Debug|x86.ActiveCfg = Debug|Any CPU
		{3EFB7F8D-3D1E-4363-A552-E7900866B86E}.Release|Any CPU.ActiveCfg = Release|Any CPU
		{3EFB7F8D-3D1E-4363-A552-E7900866B86E}.Release|Any CPU.Build.0 = Release|Any CPU
		{3EFB7F8D-3D1E-4363-A552-E7900866B86E}.Release|Mixed Platforms.ActiveCfg = Release|Any CPU
		{3EFB7F8D-3D1E-4363-A552-E7900866B86E}.Release|Mixed Platforms.Build.0 = Release|Any CPU
		{3EFB7F8D-3D1E-4363-A552-E7900866B86E}.Release|x86.ActiveCfg = Release|Any CPU
		{4E5B3B64-B541-4D36-99C2-FF791206F46F}.Debug|Any CPU.ActiveCfg = Debug|Any CPU
		{4E5B3B64-B541-4D36-99C2-FF791206F46F}.Debug|Any CPU.Build.0 = Debug|Any CPU
		{4E5B3B64-B541-4D36-99C2-FF791206F46F}.Debug|Mixed Platforms.ActiveCfg = Debug|Any CPU
		{4E5B3B64-B541-4D36-99C2-FF791206F46F}.Debug|Mixed Platforms.Build.0 = Debug|Any CPU
		{4E5B3B64-B541-4D36-99C2-FF791206F46F}.Debug|x86.ActiveCfg = Debug|Any CPU
		{4E5B3B64-B541-4D36-99C2-FF791206F46F}.Release|Any CPU.ActiveCfg = Release|Any CPU
		{4E5B3B64-B541-4D36-99C2-FF791206F46F}.Release|Any CPU.Build.0 = Release|Any CPU
		{4E5B3B64-B541-4D36-99C2-FF791206F46F}.Release|Mixed Platforms.ActiveCfg = Release|Any CPU
		{4E5B3B64-B541-4D36-99C2-FF791206F46F}.Release|Mixed Platforms.Build.0 = Release|Any CPU
		{4E5B3B64-B541-4D36-99C2-FF791206F46F}.Release|x86.ActiveCfg = Release|Any CPU
		{FE0B5378-A9F3-4FF9-9ABE-BC20981DFAE9}.Debug|Any CPU.ActiveCfg = Debug|Any CPU
		{FE0B5378-A9F3-4FF9-9ABE-BC20981DFAE9}.Debug|Any CPU.Build.0 = Debug|Any CPU
		{FE0B5378-A9F3-4FF9-9ABE-BC20981DFAE9}.Debug|Mixed Platforms.ActiveCfg = Debug|Any CPU
		{FE0B5378-A9F3-4FF9-9ABE-BC20981DFAE9}.Debug|Mixed Platforms.Build.0 = Debug|Any CPU
		{FE0B5378-A9F3-4FF9-9ABE-BC20981DFAE9}.Debug|x86.ActiveCfg = Debug|Any CPU
		{FE0B5378-A9F3-4FF9-9ABE-BC20981DFAE9}.Release|Any CPU.ActiveCfg = Release|Any CPU
		{FE0B5378-A9F3-4FF9-9ABE-BC20981DFAE9}.Release|Any CPU.Build.0 = Release|Any CPU
		{FE0B5378-A9F3-4FF9-9ABE-BC20981DFAE9}.Release|Mixed Platforms.ActiveCfg = Release|Any CPU
		{FE0B5378-A9F3-4FF9-9ABE-BC20981DFAE9}.Release|Mixed Platforms.Build.0 = Release|Any CPU
		{FE0B5378-A9F3-4FF9-9ABE-BC20981DFAE9}.Release|x86.ActiveCfg = Release|Any CPU
	EndGlobalSection
	GlobalSection(SolutionProperties) = preSolution
		HideSolutionNode = FALSE
	EndGlobalSection
	GlobalSection(Performance) = preSolution
		HasPerformanceSessions = true
	EndGlobalSection
EndGlobal
